
Microsoft Visual Studio Solution File, Format Version 12.00
# Visual Studio Version 16
VisualStudioVersion = 16.0.29519.87
MinimumVisualStudioVersion = 10.0.40219.1
Project("{9A19103F-16F7-4668-BE54-9A1E7A4F7556}") = "InterviewTask", "InterviewTask\InterviewTask.csproj", "{2DA25F15-EDE9-4CF8-9AF5-11D61EE5FE77}"
EndProject
Project("{9A19103F-16F7-4668-BE54-9A1E7A4F7556}") = "InterviewTaskTests", "InterviewTaskTests1\InterviewTaskTests.csproj", "{B8BD512F-AB6A-4912-951B-D309DF15CB72}"
EndProject
Global
	GlobalSection(SolutionConfigurationPlatforms) = preSolution
		Debug|Any CPU = Debug|Any CPU
		Release|Any CPU = Release|Any CPU
	EndGlobalSection
	GlobalSection(ProjectConfigurationPlatforms) = postSolution
		{2DA25F15-EDE9-4CF8-9AF5-11D61EE5FE77}.Debug|Any CPU.ActiveCfg = Debug|Any CPU
		{2DA25F15-EDE9-4CF8-9AF5-11D61EE5FE77}.Debug|Any CPU.Build.0 = Debug|Any CPU
		{2DA25F15-EDE9-4CF8-9AF5-11D61EE5FE77}.Release|Any CPU.ActiveCfg = Release|Any CPU
		{2DA25F15-EDE9-4CF8-9AF5-11D61EE5FE77}.Release|Any CPU.Build.0 = Release|Any CPU
		{B8BD512F-AB6A-4912-951B-D309DF15CB72}.Debug|Any CPU.ActiveCfg = Debug|Any CPU
		{B8BD512F-AB6A-4912-951B-D309DF15CB72}.Debug|Any CPU.Build.0 = Debug|Any CPU
		{B8BD512F-AB6A-4912-951B-D309DF15CB72}.Release|Any CPU.ActiveCfg = Release|Any CPU
		{B8BD512F-AB6A-4912-951B-D309DF15CB72}.Release|Any CPU.Build.0 = Release|Any CPU
	EndGlobalSection
	GlobalSection(SolutionProperties) = preSolution
		HideSolutionNode = FALSE
	EndGlobalSection
	GlobalSection(ExtensibilityGlobals) = postSolution
		SolutionGuid = {E7085247-3CA7-4393-8E8E-D62F29EEA0FF}
	EndGlobalSection
EndGlobal
